# THIS IS AN AUTOGENERATED FILE. DO NOT EDIT THIS FILE DIRECTLY.
# yarn lockfile v1


trugh-utils@^1.0.1:
  version "1.0.1"
  resolved "https://registry.yarnpkg.com/trugh-utils/-/trugh-utils-1.0.1.tgz#1d7f0de5c1ee6ffd76f68ceb366c5d56eaf50833"
  integrity sha512-/xUQ4hNxTEi5VPo1dpIDlirk+HcPJWo34R7KI6Qvb2pFBqBSwX5hXpLCmY6zU3s7WfrGwT+wJQGE4TdaS+YfzA==
